// !$*UTF8*$!
{
	archiveVersion = 1;
	classes = {
	};
	objectVersion = 50;
	objects = {

/* Begin PBXBuildFile section */
		2C5A4D1021DA2A6A00FB45AC /* AppDelegate.swift in Sources */ = {isa = PBXBuildFile; fileRef = 2C5A4D0F21DA2A6A00FB45AC /* AppDelegate.swift */; };
		2C5A4D1221DA2A6A00FB45AC /* ViewController.swift in Sources */ = {isa = PBXBuildFile; fileRef = 2C5A4D1121DA2A6A00FB45AC /* ViewController.swift */; };
		2C5A4D1521DA2A6A00FB45AC /* Main.storyboard in Resources */ = {isa = PBXBuildFile; fileRef = 2C5A4D1321DA2A6A00FB45AC /* Main.storyboard */; };
		2C5A4D1721DA2A6D00FB45AC /* Assets.xcassets in Resources */ = {isa = PBXBuildFile; fileRef = 2C5A4D1621DA2A6D00FB45AC /* Assets.xcassets */; };
		2C5A4D1A21DA2A6D00FB45AC /* LaunchScreen.storyboard in Resources */ = {isa = PBXBuildFile; fileRef = 2C5A4D1821DA2A6D00FB45AC /* LaunchScreen.storyboard */; };
		2C5A4D2421DACE5500FB45AC /* FactProvider.swift in Sources */ = {isa = PBXBuildFile; fileRef = 2C5A4D2321DACE5500FB45AC /* FactProvider.swift */; };
		2C5A4D2621DB167600FB45AC /* BackgroundColorProvider.swift in Sources */ = {isa = PBXBuildFile; fileRef = 2C5A4D2521DB167600FB45AC /* BackgroundColorProvider.swift */; };
/* End PBXBuildFile section */

/* Begin PBXFileReference section */
		2C5A4D0C21DA2A6A00FB45AC /* FunFacts.app */ = {isa = PBXFileReference; explicitFileType = wrapper.application; includeInIndex = 0; path = FunFacts.app; sourceTree = BUILT_PRODUCTS_DIR; };
		2C5A4D0F21DA2A6A00FB45AC /* AppDelegate.swift */ = {isa = PBXFileReference; lastKnownFileType = sourcecode.swift; path = AppDelegate.swift; sourceTree = "<group>"; };
		2C5A4D1121DA2A6A00FB45AC /* ViewController.swift */ = {isa = PBXFileReference; lastKnownFileType = sourcecode.swift; path = ViewController.swift; sourceTree = "<group>"; };
		2C5A4D1421DA2A6A00FB45AC /* Base */ = {isa = PBXFileReference; lastKnownFileType = file.storyboard; name = Base; path = Base.lproj/Main.storyboard; sourceTree = "<group>"; };
		2C5A4D1621DA2A6D00FB45AC /* Assets.xcassets */ = {isa = PBXFileReference; lastKnownFileType = folder.assetcatalog; path = Assets.xcassets; sourceTree = "<group>"; };
		2C5A4D1921DA2A6D00FB45AC /* Base */ = {isa = PBXFileReference; lastKnownFileType = file.storyboard; name = Base; path = Base.lproj/LaunchScreen.storyboard; sourceTree = "<group>"; };
		2C5A4D1B21DA2A6D00FB45AC /* Info.plist */ = {isa = PBXFileReference; lastKnownFileType = text.plist.xml; path = Info.plist; sourceTree = "<group>"; };
		2C5A4D2321DACE5500FB45AC /* FactProvider.swift */ = {isa = PBXFileReference; lastKnownFileType = sourcecode.swift; path = FactProvider.swift; sourceTree = "<group>"; };
		2C5A4D2521DB167600FB45AC /* BackgroundColorProvider.swift */ = {isa = PBXFileReference; lastKnownFileType = sourcecode.swift; path = BackgroundColorProvider.swift; sourceTree = "<group>"; };
/* End PBXFileReference section */

/* Begin PBXFrameworksBuildPhase section */
		2C5A4D0921DA2A6A00FB45AC /* Frameworks */ = {
			isa = PBXFrameworksBuildPhase;
			buildActionMask = 2147483647;
			files = (
			);
			runOnlyForDeploymentPostprocessing = 0;
		};
/* End PBXFrameworksBuildPhase section */

/* Begin PBXGroup section */
		2C5A4D0321DA2A6900FB45AC = {
			isa = PBXGroup;
			children = (
				2C5A4D0E21DA2A6A00FB45AC /* FunFacts */,
				2C5A4D0D21DA2A6A00FB45AC /* Products */,
			);
			sourceTree = "<group>";
		};
		2C5A4D0D21DA2A6A00FB45AC /* Products */ = {
			isa = PBXGroup;
			children = (
				2C5A4D0C21DA2A6A00FB45AC /* FunFacts.app */,
			);
			name = Products;
			sourceTree = "<group>";
		};
		2C5A4D0E21DA2A6A00FB45AC /* FunFacts */ = {
			isa = PBXGroup;
			children = (
				2C5A4D2721DB1A6F00FB45AC /* model */,
				2C5A4D0F21DA2A6A00FB45AC /* AppDelegate.swift */,
				2C5A4D1121DA2A6A00FB45AC /* ViewController.swift */,
				2C5A4D1321DA2A6A00FB45AC /* Main.storyboard */,
				2C5A4D1621DA2A6D00FB45AC /* Assets.xcassets */,
				2C5A4D1821DA2A6D00FB45AC /* LaunchScreen.storyboard */,
				2C5A4D1B21DA2A6D00FB45AC /* Info.plist */,
			);
			path = FunFacts;
			sourceTree = "<group>";
		};
		2C5A4D2721DB1A6F00FB45AC /* model */ = {
			isa = PBXGroup;
			children = (
				2C5A4D2321DACE5500FB45AC /* FactProvider.swift */,
				2C5A4D2521DB167600FB45AC /* BackgroundColorProvider.swift */,
			);
			path = model;
			sourceTree = "<group>";
		};
/* End PBXGroup section */

/* Begin PBXNativeTarget section */
		2C5A4D0B21DA2A6A00FB45AC /* FunFacts */ = {
			isa = PBXNativeTarget;
			buildConfigurationList = 2C5A4D1E21DA2A6D00FB45AC /* Build configuration list for PBXNativeTarget "FunFacts" */;
			buildPhases = (
				2C5A4D0821DA2A6A00FB45AC /* Sources */,
				2C5A4D0921DA2A6A00FB45AC /* Frameworks */,
				2C5A4D0A21DA2A6A00FB45AC /* Resources */,
			);
			buildRules = (
			);
			dependencies = (
			);
			name = FunFacts;
			productName = FunFacts;
			productReference = 2C5A4D0C21DA2A6A00FB45AC /* FunFacts.app */;
			productType = "com.apple.product-type.application";
		};
/* End PBXNativeTarget section */

/* Begin PBXProject section */
		2C5A4D0421DA2A6A00FB45AC /* Project object */ = {
			isa = PBXProject;
			attributes = {
				LastSwiftUpdateCheck = 0940;
				LastUpgradeCheck = 0940;
				ORGANIZATIONNAME = "Kai Munechika";
				TargetAttributes = {
					2C5A4D0B21DA2A6A00FB45AC = {
						CreatedOnToolsVersion = 9.4.1;
					};
				};
			};
			buildConfigurationList = 2C5A4D0721DA2A6A00FB45AC /* Build configuration list for PBXProject "FunFacts" */;
			compatibilityVersion = "Xcode 9.3";
			developmentRegion = en;
			hasScannedForEncodings = 0;
			knownRegions = (
				en,
				Base,
			);
			mainGroup = 2C5A4D0321DA2A6900FB45AC;
			productRefGroup = 2C5A4D0D21DA2A6A00FB45AC /* Products */;
			projectDirPath = "";
			projectRoot = "";
			targets = (
				2C5A4D0B21DA2A6A00FB45AC /* FunFacts */,
			);
		};
/* End PBXProject section */

/* Begin PBXResourcesBuildPhase section */
		2C5A4D0A21DA2A6A00FB45AC /* Resources */ = {
			isa = PBXResourcesBuildPhase;
			buildActionMask = 2147483647;
			files = (
				2C5A4D1A21DA2A6D00FB45AC /* LaunchScreen.storyboard in Resources */,
				2C5A4D1721DA2A6D00FB45AC /* Assets.xcassets in Resources */,
				2C5A4D1521DA2A6A00FB45AC /* Main.storyboard in Resources */,
			);
			runOnlyForDeploymentPostprocessing = 0;
		};
/* End PBXResourcesBuildPhase section */

/* Begin PBXSourcesBuildPhase section */
		2C5A4D0821DA2A6A00FB45AC /* Sources */ = {
			isa = PBXSourcesBuildPhase;
			buildActionMask = 2147483647;
			files = (
				2C5A4D1221DA2A6A00FB45AC /* ViewController.swift in Sources */,
				2C5A4D2421DACE5500FB45AC /* FactProvider.swift in Sources */,
				2C5A4D2621DB167600FB45AC /* BackgroundColorProvider.swift in Sources */,
				2C5A4D1021DA2A6A00FB45AC /* AppDelegate.swift in Sources */,
			);
			runOnlyForDeploymentPostprocessing = 0;
		};
/* End PBXSourcesBuildPhase section */

/* Begin PBXVariantGroup section */
		2C5A4D1321DA2A6A00FB45AC /* Main.storyboard */ = {
			isa = PBXVariantGroup;
			children = (
				2C5A4D1421DA2A6A00FB45AC /* Base */,
			);
			name = Main.storyboard;
			sourceTree = "<group>";
		};
		2C5A4D1821DA2A6D00FB45AC /* LaunchScreen.storyboard */ = {
			isa = PBXVariantGroup;
			children = (
				2C5A4D1921DA2A6D00FB45AC /* Base */,
			);
			name = LaunchScreen.storyboard;
			sourceTree = "<group>";
		};
/* End PBXVariantGroup section */

/* Begin XCBuildConfiguration section */
		2C5A4D1C21DA2A6D00FB45AC /* Debug */ = {
			isa = XCBuildConfiguration;
			buildSettings = {
				ALWAYS_SEARCH_USER_PATHS = NO;
				CLANG_ANALYZER_NONNULL = YES;
				CLANG_ANALYZER_NUMBER_OBJECT_CONVERSION = YES_AGGRESSIVE;
				CLANG_CXX_LANGUAGE_STANDARD = "gnu++14";
				CLANG_CXX_LIBRARY = "libc++";
				CLANG_ENABLE_MODULES = YES;
				CLANG_ENABLE_OBJC_ARC = YES;
				CLANG_ENABLE_OBJC_WEAK = YES;
				CLANG_WARN_BLOCK_CAPTURE_AUTORELEASING = YES;
				CLANG_WARN_BOOL_CONVERSION = YES;
				CLANG_WARN_COMMA = YES;
				CLANG_WARN_CONSTANT_CONVERSION = YES;
				CLANG_WARN_DEPRECATED_OBJC_IMPLEMENTATIONS = YES;
				CLANG_WARN_DIRECT_OBJC_ISA_USAGE = YES_ERROR;
				CLANG_WARN_DOCUMENTATION_COMMENTS = YES;
				CLANG_WARN_EMPTY_BODY = YES;
				CLANG_WARN_ENUM_CONVERSION = YES;
				CLANG_WARN_INFINITE_RECURSION = YES;
				CLANG_WARN_INT_CONVERSION = YES;
				CLANG_WARN_NON_LITERAL_NULL_CONVERSION = YES;
				CLANG_WARN_OBJC_IMPLICIT_RETAIN_SELF = YES;
				CLANG_WARN_OBJC_LITERAL_CONVERSION = YES;
				CLANG_WARN_OBJC_ROOT_CLASS = YES_ERROR;
				CLANG_WARN_RANGE_LOOP_ANALYSIS = YES;
				CLANG_WARN_STRICT_PROTOTYPES = YES;
				CLANG_WARN_SUSPICIOUS_MOVE = YES;
				CLANG_WARN_UNGUARDED_AVAILABILITY = YES_AGGRESSIVE;
				CLANG_WARN_UNREACHABLE_CODE = YES;
				CLANG_WARN__DUPLICATE_METHOD_MATCH = YES;
				CODE_SIGN_IDENTITY = "iPhone Developer";
				COPY_PHASE_STRIP = NO;
				DEBUG_INFORMATION_FORMAT = dwarf;
				ENABLE_STRICT_OBJC_MSGSEND = YES;
				ENABLE_TESTABILITY = YES;
				GCC_C_LANGUAGE_STANDARD = gnu11;
				GCC_DYNAMIC_NO_PIC = NO;
				GCC_NO_COMMON_BLOCKS = YES;
				GCC_OPTIMIZATION_LEVEL = 0;
				GCC_PREPROCESSOR_DEFINITIONS = (
					"DEBUG=1",
					"$(inherited)",
				);
				GCC_WARN_64_TO_32_BIT_CONVERSION = YES;
				GCC_WARN_ABOUT_RETURN_TYPE = YES_ERROR;
				GCC_WARN_UNDECLARED_SELECTOR = YES;
				GCC_WARN_UNINITIALIZED_AUTOS = YES_AGGRESSIVE;
				GCC_WARN_UNUSED_FUNCTION = YES;
				GCC_WARN_UNUSED_VARIABLE = YES;
				IPHONEOS_DEPLOYMENT_TARGET = 11.4;
				MTL_ENABLE_DEBUG_INFO = YES;
				ONLY_ACTIVE_ARCH = YES;
				SDKROOT = iphoneos;
				SWIFT_ACTIVE_COMPILATION_CONDITIONS = DEBUG;
				SWIFT_OPTIMIZATION_LEVEL = "-Onone";
			};
			name = Debug;
		};
		2C5A4D1D21DA2A6D00FB45AC /* Release */ = {
			isa = XCBuildConfiguration;
			buildSettings = {
				ALWAYS_SEARCH_USER_PATHS = NO;
				CLANG_ANALYZER_NONNULL = YES;
				CLANG_ANALYZER_NUMBER_OBJECT_CONVERSION = YES_AGGRESSIVE;
				CLANG_CXX_LANGUAGE_STANDARD = "gnu++14";
				CLANG_CXX_LIBRARY = "libc++";
				CLANG_ENABLE_MODULES = YES;
				CLANG_ENABLE_OBJC_ARC = YES;
				CLANG_ENABLE_OBJC_WEAK = YES;
				CLANG_WARN_BLOCK_CAPTURE_AUTORELEASING = YES;
				CLANG_WARN_BOOL_CONVERSION = YES;
				CLANG_WARN_COMMA = YES;
				CLANG_WARN_CONSTANT_CONVERSION = YES;
				CLANG_WARN_DEPRECATED_OBJC_IMPLEMENTATIONS = YES;
				CLANG_WARN_DIRECT_OBJC_ISA_USAGE = YES_ERROR;
				CLANG_WARN_DOCUMENTATION_COMMENTS = YES;
				CLANG_WARN_EMPTY_BODY = YES;
				CLANG_WARN_ENUM_CONVERSION = YES;
				CLANG_WARN_INFINITE_RECURSION = YES;
				CLANG_WARN_INT_CONVERSION = YES;
				CLANG_WARN_NON_LITERAL_NULL_CONVERSION = YES;
				CLANG_WARN_OBJC_IMPLICIT_RETAIN_SELF = YES;
				CLANG_WARN_OBJC_LITERAL_CONVERSION = YES;
				CLANG_WARN_OBJC_ROOT_CLASS = YES_ERROR;
				CLANG_WARN_RANGE_LOOP_ANALYSIS = YES;
				CLANG_WARN_STRICT_PROTOTYPES = YES;
				CLANG_WARN_SUSPICIOUS_MOVE = YES;
				CLANG_WARN_UNGUARDED_AVAILABILITY = YES_AGGRESSIVE;
				CLANG_WARN_UNREACHABLE_CODE = YES;
				CLANG_WARN__DUPLICATE_METHOD_MATCH = YES;
				CODE_SIGN_IDENTITY = "iPhone Developer";
				COPY_PHASE_STRIP = NO;
				DEBUG_INFORMATION_FORMAT = "dwarf-with-dsym";
				ENABLE_NS_ASSERTIONS = NO;
				ENABLE_STRICT_OBJC_MSGSEND = YES;
				GCC_C_LANGUAGE_STANDARD = gnu11;
				GCC_NO_COMMON_BLOCKS = YES;
				GCC_WARN_64_TO_32_BIT_CONVERSION = YES;
				GCC_WARN_ABOUT_RETURN_TYPE = YES_ERROR;
				GCC_WARN_UNDECLARED_SELECTOR = YES;
				GCC_WARN_UNINITIALIZED_AUTOS = YES_AGGRESSIVE;
				GCC_WARN_UNUSED_FUNCTION = YES;
				GCC_WARN_UNUSED_VARIABLE = YES;
				IPHONEOS_DEPLOYMENT_TARGET = 11.4;
				MTL_ENABLE_DEBUG_INFO = NO;
				SDKROOT = iphoneos;
				SWIFT_COMPILATION_MODE = wholemodule;
				SWIFT_OPTIMIZATION_LEVEL = "-O";
				VALIDATE_PRODUCT = YES;
			};
			name = Release;
		};
		2C5A4D1F21DA2A6D00FB45AC /* Debug */ = {
			isa = XCBuildConfiguration;
			buildSettings = {
				ASSETCATALOG_COMPILER_APPICON_NAME = AppIcon;
				CODE_SIGN_STYLE = Automatic;
				DEVELOPMENT_TEAM = 7R2LF3P36V;
				INFOPLIST_FILE = FunFacts/Info.plist;
				LD_RUNPATH_SEARCH_PATHS = (
					"$(inherited)",
					"@executable_path/Frameworks",
				);
				PRODUCT_BUNDLE_IDENTIFIER = com.kaim808.FunFacts;
				PRODUCT_NAME = "$(TARGET_NAME)";
				SWIFT_VERSION = 4.0;
				TARGETED_DEVICE_FAMILY = "1,2";
			};
			name = Debug;
		};
		2C5A4D2021DA2A6D00FB45AC /* Release */ = {
			isa = XCBuildConfiguration;
			buildSettings = {
				ASSETCATALOG_COMPILER_APPICON_NAME = AppIcon;
				CODE_SIGN_STYLE = Automatic;
				DEVELOPMENT_TEAM = 7R2LF3P36V;
				INFOPLIST_FILE = FunFacts/Info.plist;
				LD_RUNPATH_SEARCH_PATHS = (
					"$(inherited)",
					"@executable_path/Frameworks",
				);
				PRODUCT_BUNDLE_IDENTIFIER = com.kaim808.FunFacts;
				PRODUCT_NAME = "$(TARGET_NAME)";
				SWIFT_VERSION = 4.0;
				TARGETED_DEVICE_FAMILY = "1,2";
			};
			name = Release;
		};
/* End XCBuildConfiguration section */

/* Begin XCConfigurationList section */
		2C5A4D0721DA2A6A00FB45AC /* Build configuration list for PBXProject "FunFacts" */ = {
			isa = XCConfigurationList;
			buildConfigurations = (
				2C5A4D1C21DA2A6D00FB45AC /* Debug */,
				2C5A4D1D21DA2A6D00FB45AC /* Release */,
			);
			defaultConfigurationIsVisible = 0;
			defaultConfigurationName = Release;
		};
		2C5A4D1E21DA2A6D00FB45AC /* Build configuration list for PBXNativeTarget "FunFacts" */ = {
			isa = XCConfigurationList;
			buildConfigurations = (
				2C5A4D1F21DA2A6D00FB45AC /* Debug */,
				2C5A4D2021DA2A6D00FB45AC /* Release */,
			);
			defaultConfigurationIsVisible = 0;
			defaultConfigurationName = Release;
		};
/* End XCConfigurationList section */
	};
	rootObject = 2C5A4D0421DA2A6A00FB45AC /* Project object */;
}
